
Microsoft Visual Studio Solution File, Format Version 12.00
# Visual Studio Version 16
VisualStudioVersion = 16.0.31702.278
MinimumVisualStudioVersion = 10.0.40219.1
Project("{9A19103F-16F7-4668-BE54-9A1E7A4F7556}") = "WebApplication1", "WebApplication1\WebApplication1.csproj", "{4317DF46-3B7F-4D7A-863D-E4CAF6225618}"
EndProject
Project("{FAE04EC0-301F-11D3-BF4B-00C04F79EFBC}") = "WebAppTest", "WebAppTest\WebAppTest.csproj", "{D7C2E019-4623-48B7-88DB-7781AE96C43D}"
EndProject
Global
	GlobalSection(SolutionConfigurationPlatforms) = preSolution
		Debug|Any CPU = Debug|Any CPU
		Release|Any CPU = Release|Any CPU
	EndGlobalSection
	GlobalSection(ProjectConfigurationPlatforms) = postSolution
		{4317DF46-3B7F-4D7A-863D-E4CAF6225618}.Debug|Any CPU.ActiveCfg = Debug|Any CPU
		{4317DF46-3B7F-4D7A-863D-E4CAF6225618}.Debug|Any CPU.Build.0 = Debug|Any CPU
		{4317DF46-3B7F-4D7A-863D-E4CAF6225618}.Release|Any CPU.ActiveCfg = Release|Any CPU
		{4317DF46-3B7F-4D7A-863D-E4CAF6225618}.Release|Any CPU.Build.0 = Release|Any CPU
		{D7C2E019-4623-48B7-88DB-7781AE96C43D}.Debug|Any CPU.ActiveCfg = Debug|Any CPU
		{D7C2E019-4623-48B7-88DB-7781AE96C43D}.Debug|Any CPU.Build.0 = Debug|Any CPU
		{D7C2E019-4623-48B7-88DB-7781AE96C43D}.Release|Any CPU.ActiveCfg = Release|Any CPU
		{D7C2E019-4623-48B7-88DB-7781AE96C43D}.Release|Any CPU.Build.0 = Release|Any CPU
	EndGlobalSection
	GlobalSection(SolutionProperties) = preSolution
		HideSolutionNode = FALSE
	EndGlobalSection
	GlobalSection(ExtensibilityGlobals) = postSolution
		SolutionGuid = {915F274E-5C4C-438B-9CD5-7569B57FE916}
	EndGlobalSection
EndGlobal
